
Microsoft Visual Studio Solution File, Format Version 12.00
# Visual Studio 2012
Project("{FAE04EC0-301F-11D3-BF4B-00C04F79EFBC}") = "NestedSolution", "NestedSolution.csproj", "{AEC142C4-BF93-42E0-BC5B-B1E472E7879C}"
EndProject
Global
	GlobalSection(SolutionConfigurationPlatforms) = preSolution
		Debug|Any CPU = Debug|Any CPU
		Release|Any CPU = Release|Any CPU
	EndGlobalSection
	GlobalSection(ProjectConfigurationPlatforms) = postSolution
		{AEC142C4-BF93-42E0-BC5B-B1E472E7879C}.Debug|Any CPU.ActiveCfg = Debug|Any CPU
		{AEC142C4-BF93-42E0-BC5B-B1E472E7879C}.Debug|Any CPU.Build.0 = Debug|Any CPU
		{AEC142C4-BF93-42E0-BC5B-B1E472E7879C}.Release|Any CPU.ActiveCfg = Release|Any CPU
		{AEC142C4-BF93-42E0-BC5B-B1E472E7879C}.Release|Any CPU.Build.0 = Release|Any CPU
	EndGlobalSection
	GlobalSection(SolutionProperties) = preSolution
		HideSolutionNode = FALSE
	EndGlobalSection
EndGlobal
